// !$*UTF8*$!
{
	archiveVersion = 1;
	classes = {
	};
	objectVersion = 46;
	objects = {

/* Begin PBXBuildFile section */
		FC0AEF701D73CF7E00EB94A1 /* main.m in Sources */ = {isa = PBXBuildFile; fileRef = FC0AEF6F1D73CF7E00EB94A1 /* main.m */; };
		FC0AEF731D73CF7E00EB94A1 /* AppDelegate.m in Sources */ = {isa = PBXBuildFile; fileRef = FC0AEF721D73CF7E00EB94A1 /* AppDelegate.m */; };
		FC0AEF761D73CF7E00EB94A1 /* ViewController.m in Sources */ = {isa = PBXBuildFile; fileRef = FC0AEF751D73CF7E00EB94A1 /* ViewController.m */; };
		FC0AEF791D73CF7E00EB94A1 /* Main.storyboard in Resources */ = {isa = PBXBuildFile; fileRef = FC0AEF771D73CF7E00EB94A1 /* Main.storyboard */; };
		FC0AEF7E1D73CF7E00EB94A1 /* LaunchScreen.storyboard in Resources */ = {isa = PBXBuildFile; fileRef = FC0AEF7C1D73CF7E00EB94A1 /* LaunchScreen.storyboard */; };
		FC0AEF851D73CFCF00EB94A1 /* CollectionAnimateFlowOut.m in Sources */ = {isa = PBXBuildFile; fileRef = FC0AEF841D73CFCF00EB94A1 /* CollectionAnimateFlowOut.m */; };
		FC0AEF861D73CFDD00EB94A1 /* UIView+MZwebCache.m in Sources */ = {isa = PBXBuildFile; fileRef = FC7E4BAC1CB6058200DDB846 /* UIView+MZwebCache.m */; };
		FC0AEF871D73CFEE00EB94A1 /* loading.jpg in Resources */ = {isa = PBXBuildFile; fileRef = FCB40FDB1BDF4FE8009A5031 /* loading.jpg */; };
		FC0AEF881D73D58A00EB94A1 /* MainCell.xib in Resources */ = {isa = PBXBuildFile; fileRef = FCB40FD91BDF4E7F009A5031 /* MainCell.xib */; };
		FC7E4BAD1CB6058200DDB846 /* UIView+MZwebCache.m in Sources */ = {isa = PBXBuildFile; fileRef = FC7E4BAC1CB6058200DDB846 /* UIView+MZwebCache.m */; };
		FCA042581DB0CA7D0040C5DD /* 0.png in Resources */ = {isa = PBXBuildFile; fileRef = FCA0424F1DB0CA7D0040C5DD /* 0.png */; };
		FCA042591DB0CA7D0040C5DD /* 2.png in Resources */ = {isa = PBXBuildFile; fileRef = FCA042501DB0CA7D0040C5DD /* 2.png */; };
		FCA0425A1DB0CA7D0040C5DD /* 1.png in Resources */ = {isa = PBXBuildFile; fileRef = FCA042511DB0CA7D0040C5DD /* 1.png */; };
		FCA0425B1DB0CA7D0040C5DD /* 3.png in Resources */ = {isa = PBXBuildFile; fileRef = FCA042521DB0CA7D0040C5DD /* 3.png */; };
		FCA0425C1DB0CA7D0040C5DD /* 4.png in Resources */ = {isa = PBXBuildFile; fileRef = FCA042531DB0CA7D0040C5DD /* 4.png */; };
		FCA0425D1DB0CA7D0040C5DD /* 5.png in Resources */ = {isa = PBXBuildFile; fileRef = FCA042541DB0CA7D0040C5DD /* 5.png */; };
		FCA0425E1DB0CA7D0040C5DD /* 6.png in Resources */ = {isa = PBXBuildFile; fileRef = FCA042551DB0CA7D0040C5DD /* 6.png */; };
		FCA0425F1DB0CA7D0040C5DD /* 7.png in Resources */ = {isa = PBXBuildFile; fileRef = FCA042561DB0CA7D0040C5DD /* 7.png */; };
		FCA042601DB0CA7D0040C5DD /* 8.png in Resources */ = {isa = PBXBuildFile; fileRef = FCA042571DB0CA7D0040C5DD /* 8.png */; };
		FCB40FC11BDF47C6009A5031 /* main.m in Sources */ = {isa = PBXBuildFile; fileRef = FCB40FC01BDF47C6009A5031 /* main.m */; };
		FCB40FC41BDF47C7009A5031 /* AppDelegate.m in Sources */ = {isa = PBXBuildFile; fileRef = FCB40FC31BDF47C7009A5031 /* AppDelegate.m */; };
		FCB40FC71BDF47C7009A5031 /* ViewController.m in Sources */ = {isa = PBXBuildFile; fileRef = FCB40FC61BDF47C7009A5031 /* ViewController.m */; };
		FCB40FCA1BDF47C7009A5031 /* Main.storyboard in Resources */ = {isa = PBXBuildFile; fileRef = FCB40FC81BDF47C7009A5031 /* Main.storyboard */; };
		FCB40FCF1BDF47C7009A5031 /* LaunchScreen.storyboard in Resources */ = {isa = PBXBuildFile; fileRef = FCB40FCD1BDF47C7009A5031 /* LaunchScreen.storyboard */; };
		FCB40FD81BDF4826009A5031 /* WaterFlowLayout.m in Sources */ = {isa = PBXBuildFile; fileRef = FCB40FD71BDF4826009A5031 /* WaterFlowLayout.m */; };
		FCB40FDA1BDF4E7F009A5031 /* MainCell.xib in Resources */ = {isa = PBXBuildFile; fileRef = FCB40FD91BDF4E7F009A5031 /* MainCell.xib */; };
		FCB40FDC1BDF4FE8009A5031 /* loading.jpg in Resources */ = {isa = PBXBuildFile; fileRef = FCB40FDB1BDF4FE8009A5031 /* loading.jpg */; };
/* End PBXBuildFile section */

/* Begin PBXFileReference section */
		FC0AEF6C1D73CF7D00EB94A1 /* CollectionAnimate.app */ = {isa = PBXFileReference; explicitFileType = wrapper.application; includeInIndex = 0; path = CollectionAnimate.app; sourceTree = BUILT_PRODUCTS_DIR; };
		FC0AEF6F1D73CF7E00EB94A1 /* main.m */ = {isa = PBXFileReference; lastKnownFileType = sourcecode.c.objc; path = main.m; sourceTree = "<group>"; };
		FC0AEF711D73CF7E00EB94A1 /* AppDelegate.h */ = {isa = PBXFileReference; lastKnownFileType = sourcecode.c.h; path = AppDelegate.h; sourceTree = "<group>"; };
		FC0AEF721D73CF7E00EB94A1 /* AppDelegate.m */ = {isa = PBXFileReference; lastKnownFileType = sourcecode.c.objc; path = AppDelegate.m; sourceTree = "<group>"; };
		FC0AEF741D73CF7E00EB94A1 /* ViewController.h */ = {isa = PBXFileReference; lastKnownFileType = sourcecode.c.h; path = ViewController.h; sourceTree = "<group>"; };
		FC0AEF751D73CF7E00EB94A1 /* ViewController.m */ = {isa = PBXFileReference; lastKnownFileType = sourcecode.c.objc; path = ViewController.m; sourceTree = "<group>"; };
		FC0AEF781D73CF7E00EB94A1 /* Base */ = {isa = PBXFileReference; lastKnownFileType = file.storyboard; name = Base; path = Base.lproj/Main.storyboard; sourceTree = "<group>"; };
		FC0AEF7D1D73CF7E00EB94A1 /* Base */ = {isa = PBXFileReference; lastKnownFileType = file.storyboard; name = Base; path = Base.lproj/LaunchScreen.storyboard; sourceTree = "<group>"; };
		FC0AEF7F1D73CF7E00EB94A1 /* Info.plist */ = {isa = PBXFileReference; lastKnownFileType = text.plist.xml; path = Info.plist; sourceTree = "<group>"; };
		FC0AEF831D73CFCF00EB94A1 /* CollectionAnimateFlowOut.h */ = {isa = PBXFileReference; fileEncoding = 4; lastKnownFileType = sourcecode.c.h; path = CollectionAnimateFlowOut.h; sourceTree = "<group>"; };
		FC0AEF841D73CFCF00EB94A1 /* CollectionAnimateFlowOut.m */ = {isa = PBXFileReference; fileEncoding = 4; lastKnownFileType = sourcecode.c.objc; path = CollectionAnimateFlowOut.m; sourceTree = "<group>"; };
		FC7E4BAB1CB6058200DDB846 /* UIView+MZwebCache.h */ = {isa = PBXFileReference; fileEncoding = 4; lastKnownFileType = sourcecode.c.h; path = "UIView+MZwebCache.h"; sourceTree = "<group>"; };
		FC7E4BAC1CB6058200DDB846 /* UIView+MZwebCache.m */ = {isa = PBXFileReference; fileEncoding = 4; lastKnownFileType = sourcecode.c.objc; path = "UIView+MZwebCache.m"; sourceTree = "<group>"; };
		FCA0424F1DB0CA7D0040C5DD /* 0.png */ = {isa = PBXFileReference; lastKnownFileType = image.png; path = 0.png; sourceTree = "<group>"; };
		FCA042501DB0CA7D0040C5DD /* 2.png */ = {isa = PBXFileReference; lastKnownFileType = image.png; path = 2.png; sourceTree = "<group>"; };
		FCA042511DB0CA7D0040C5DD /* 1.png */ = {isa = PBXFileReference; lastKnownFileType = image.png; path = 1.png; sourceTree = "<group>"; };
		FCA042521DB0CA7D0040C5DD /* 3.png */ = {isa = PBXFileReference; lastKnownFileType = image.png; path = 3.png; sourceTree = "<group>"; };
		FCA042531DB0CA7D0040C5DD /* 4.png */ = {isa = PBXFileReference; lastKnownFileType = image.png; path = 4.png; sourceTree = "<group>"; };
		FCA042541DB0CA7D0040C5DD /* 5.png */ = {isa = PBXFileReference; lastKnownFileType = image.png; path = 5.png; sourceTree = "<group>"; };
		FCA042551DB0CA7D0040C5DD /* 6.png */ = {isa = PBXFileReference; lastKnownFileType = image.png; path = 6.png; sourceTree = "<group>"; };
		FCA042561DB0CA7D0040C5DD /* 7.png */ = {isa = PBXFileReference; lastKnownFileType = image.png; path = 7.png; sourceTree = "<group>"; };
		FCA042571DB0CA7D0040C5DD /* 8.png */ = {isa = PBXFileReference; lastKnownFileType = image.png; path = 8.png; sourceTree = "<group>"; };
		FCB40FBC1BDF47C6009A5031 /* WaterFlow_mz.app */ = {isa = PBXFileReference; explicitFileType = wrapper.application; includeInIndex = 0; path = WaterFlow_mz.app; sourceTree = BUILT_PRODUCTS_DIR; };
		FCB40FC01BDF47C6009A5031 /* main.m */ = {isa = PBXFileReference; lastKnownFileType = sourcecode.c.objc; path = main.m; sourceTree = "<group>"; };
		FCB40FC21BDF47C7009A5031 /* AppDelegate.h */ = {isa = PBXFileReference; lastKnownFileType = sourcecode.c.h; path = AppDelegate.h; sourceTree = "<group>"; };
		FCB40FC31BDF47C7009A5031 /* AppDelegate.m */ = {isa = PBXFileReference; lastKnownFileType = sourcecode.c.objc; path = AppDelegate.m; sourceTree = "<group>"; };
		FCB40FC51BDF47C7009A5031 /* ViewController.h */ = {isa = PBXFileReference; lastKnownFileType = sourcecode.c.h; path = ViewController.h; sourceTree = "<group>"; };
		FCB40FC61BDF47C7009A5031 /* ViewController.m */ = {isa = PBXFileReference; lastKnownFileType = sourcecode.c.objc; path = ViewController.m; sourceTree = "<group>"; };
		FCB40FC91BDF47C7009A5031 /* Base */ = {isa = PBXFileReference; lastKnownFileType = file.storyboard; name = Base; path = Base.lproj/Main.storyboard; sourceTree = "<group>"; };
		FCB40FCE1BDF47C7009A5031 /* Base */ = {isa = PBXFileReference; lastKnownFileType = file.storyboard; name = Base; path = Base.lproj/LaunchScreen.storyboard; sourceTree = "<group>"; };
		FCB40FD01BDF47C7009A5031 /* Info.plist */ = {isa = PBXFileReference; lastKnownFileType = text.plist.xml; path = Info.plist; sourceTree = "<group>"; };
		FCB40FD61BDF4826009A5031 /* WaterFlowLayout.h */ = {isa = PBXFileReference; fileEncoding = 4; lastKnownFileType = sourcecode.c.h; path = WaterFlowLayout.h; sourceTree = "<group>"; };
		FCB40FD71BDF4826009A5031 /* WaterFlowLayout.m */ = {isa = PBXFileReference; fileEncoding = 4; lastKnownFileType = sourcecode.c.objc; path = WaterFlowLayout.m; sourceTree = "<group>"; };
		FCB40FD91BDF4E7F009A5031 /* MainCell.xib */ = {isa = PBXFileReference; fileEncoding = 4; lastKnownFileType = file.xib; path = MainCell.xib; sourceTree = "<group>"; };
		FCB40FDB1BDF4FE8009A5031 /* loading.jpg */ = {isa = PBXFileReference; lastKnownFileType = image.jpeg; path = loading.jpg; sourceTree = "<group>"; };
/* End PBXFileReference section */

/* Begin PBXFrameworksBuildPhase section */
		FC0AEF691D73CF7D00EB94A1 /* Frameworks */ = {
			isa = PBXFrameworksBuildPhase;
			buildActionMask = 2147483647;
			files = (
			);
			runOnlyForDeploymentPostprocessing = 0;
		};
		FCB40FB91BDF47C6009A5031 /* Frameworks */ = {
			isa = PBXFrameworksBuildPhase;
			buildActionMask = 2147483647;
			files = (
			);
			runOnlyForDeploymentPostprocessing = 0;
		};
/* End PBXFrameworksBuildPhase section */

/* Begin PBXGroup section */
		FC0AEF6D1D73CF7E00EB94A1 /* CollectionAnimate */ = {
			isa = PBXGroup;
			children = (
				FCA0424F1DB0CA7D0040C5DD /* 0.png */,
				FCA042501DB0CA7D0040C5DD /* 2.png */,
				FCA042511DB0CA7D0040C5DD /* 1.png */,
				FCA042521DB0CA7D0040C5DD /* 3.png */,
				FCA042531DB0CA7D0040C5DD /* 4.png */,
				FCA042541DB0CA7D0040C5DD /* 5.png */,
				FCA042551DB0CA7D0040C5DD /* 6.png */,
				FCA042561DB0CA7D0040C5DD /* 7.png */,
				FCA042571DB0CA7D0040C5DD /* 8.png */,
				FC0AEF711D73CF7E00EB94A1 /* AppDelegate.h */,
				FC0AEF721D73CF7E00EB94A1 /* AppDelegate.m */,
				FC0AEF741D73CF7E00EB94A1 /* ViewController.h */,
				FC0AEF751D73CF7E00EB94A1 /* ViewController.m */,
				FC0AEF831D73CFCF00EB94A1 /* CollectionAnimateFlowOut.h */,
				FC0AEF841D73CFCF00EB94A1 /* CollectionAnimateFlowOut.m */,
				FC0AEF771D73CF7E00EB94A1 /* Main.storyboard */,
				FC0AEF7C1D73CF7E00EB94A1 /* LaunchScreen.storyboard */,
				FC0AEF7F1D73CF7E00EB94A1 /* Info.plist */,
				FC0AEF6E1D73CF7E00EB94A1 /* Supporting Files */,
			);
			path = CollectionAnimate;
			sourceTree = "<group>";
		};
		FC0AEF6E1D73CF7E00EB94A1 /* Supporting Files */ = {
			isa = PBXGroup;
			children = (
				FC0AEF6F1D73CF7E00EB94A1 /* main.m */,
			);
			name = "Supporting Files";
			sourceTree = "<group>";
		};
		FCB40FB31BDF47C6009A5031 = {
			isa = PBXGroup;
			children = (
				FCB40FBE1BDF47C6009A5031 /* WaterFlow_mz */,
				FC0AEF6D1D73CF7E00EB94A1 /* CollectionAnimate */,
				FCB40FBD1BDF47C6009A5031 /* Products */,
			);
			sourceTree = "<group>";
		};
		FCB40FBD1BDF47C6009A5031 /* Products */ = {
			isa = PBXGroup;
			children = (
				FCB40FBC1BDF47C6009A5031 /* WaterFlow_mz.app */,
				FC0AEF6C1D73CF7D00EB94A1 /* CollectionAnimate.app */,
			);
			name = Products;
			sourceTree = "<group>";
		};
		FCB40FBE1BDF47C6009A5031 /* WaterFlow_mz */ = {
			isa = PBXGroup;
			children = (
				FCB40FC21BDF47C7009A5031 /* AppDelegate.h */,
				FCB40FC31BDF47C7009A5031 /* AppDelegate.m */,
				FC7E4BAB1CB6058200DDB846 /* UIView+MZwebCache.h */,
				FC7E4BAC1CB6058200DDB846 /* UIView+MZwebCache.m */,
				FCB40FDB1BDF4FE8009A5031 /* loading.jpg */,
				FCB40FC51BDF47C7009A5031 /* ViewController.h */,
				FCB40FC61BDF47C7009A5031 /* ViewController.m */,
				FCB40FD91BDF4E7F009A5031 /* MainCell.xib */,
				FCB40FD61BDF4826009A5031 /* WaterFlowLayout.h */,
				FCB40FD71BDF4826009A5031 /* WaterFlowLayout.m */,
				FCB40FC81BDF47C7009A5031 /* Main.storyboard */,
				FCB40FCD1BDF47C7009A5031 /* LaunchScreen.storyboard */,
				FCB40FD01BDF47C7009A5031 /* Info.plist */,
				FCB40FBF1BDF47C6009A5031 /* Supporting Files */,
			);
			path = WaterFlow_mz;
			sourceTree = "<group>";
		};
		FCB40FBF1BDF47C6009A5031 /* Supporting Files */ = {
			isa = PBXGroup;
			children = (
				FCB40FC01BDF47C6009A5031 /* main.m */,
			);
			name = "Supporting Files";
			sourceTree = "<group>";
		};
/* End PBXGroup section */

/* Begin PBXNativeTarget section */
		FC0AEF6B1D73CF7D00EB94A1 /* CollectionAnimate */ = {
			isa = PBXNativeTarget;
			buildConfigurationList = FC0AEF821D73CF7E00EB94A1 /* Build configuration list for PBXNativeTarget "CollectionAnimate" */;
			buildPhases = (
				FC0AEF681D73CF7D00EB94A1 /* Sources */,
				FC0AEF691D73CF7D00EB94A1 /* Frameworks */,
				FC0AEF6A1D73CF7D00EB94A1 /* Resources */,
			);
			buildRules = (
			);
			dependencies = (
			);
			name = CollectionAnimate;
			productName = CollectionAnimate;
			productReference = FC0AEF6C1D73CF7D00EB94A1 /* CollectionAnimate.app */;
			productType = "com.apple.product-type.application";
		};
		FCB40FBB1BDF47C6009A5031 /* WaterFlow_mz */ = {
			isa = PBXNativeTarget;
			buildConfigurationList = FCB40FD31BDF47C7009A5031 /* Build configuration list for PBXNativeTarget "WaterFlow_mz" */;
			buildPhases = (
				FCB40FB81BDF47C6009A5031 /* Sources */,
				FCB40FB91BDF47C6009A5031 /* Frameworks */,
				FCB40FBA1BDF47C6009A5031 /* Resources */,
			);
			buildRules = (
			);
			dependencies = (
			);
			name = WaterFlow_mz;
			productName = WaterFlow_mz;
			productReference = FCB40FBC1BDF47C6009A5031 /* WaterFlow_mz.app */;
			productType = "com.apple.product-type.application";
		};
/* End PBXNativeTarget section */

/* Begin PBXProject section */
		FCB40FB41BDF47C6009A5031 /* Project object */ = {
			isa = PBXProject;
			attributes = {
				LastUpgradeCheck = 0700;
				ORGANIZATIONNAME = tentinet;
				TargetAttributes = {
					FC0AEF6B1D73CF7D00EB94A1 = {
						CreatedOnToolsVersion = 7.3.1;
					};
					FCB40FBB1BDF47C6009A5031 = {
						CreatedOnToolsVersion = 7.0.1;
						DevelopmentTeam = YH6XM8252K;
					};
				};
			};
			buildConfigurationList = FCB40FB71BDF47C6009A5031 /* Build configuration list for PBXProject "WaterFlow_mz" */;
			compatibilityVersion = "Xcode 3.2";
			developmentRegion = English;
			hasScannedForEncodings = 0;
			knownRegions = (
				en,
				Base,
			);
			mainGroup = FCB40FB31BDF47C6009A5031;
			productRefGroup = FCB40FBD1BDF47C6009A5031 /* Products */;
			projectDirPath = "";
			projectRoot = "";
			targets = (
				FCB40FBB1BDF47C6009A5031 /* WaterFlow_mz */,
				FC0AEF6B1D73CF7D00EB94A1 /* CollectionAnimate */,
			);
		};
/* End PBXProject section */

/* Begin PBXResourcesBuildPhase section */
		FC0AEF6A1D73CF7D00EB94A1 /* Resources */ = {
			isa = PBXResourcesBuildPhase;
			buildActionMask = 2147483647;
			files = (
				FCA0425D1DB0CA7D0040C5DD /* 5.png in Resources */,
				FCA0425F1DB0CA7D0040C5DD /* 7.png in Resources */,
				FCA042581DB0CA7D0040C5DD /* 0.png in Resources */,
				FCA0425A1DB0CA7D0040C5DD /* 1.png in Resources */,
				FC0AEF881D73D58A00EB94A1 /* MainCell.xib in Resources */,
				FCA0425B1DB0CA7D0040C5DD /* 3.png in Resources */,
				FCA042601DB0CA7D0040C5DD /* 8.png in Resources */,
				FCA042591DB0CA7D0040C5DD /* 2.png in Resources */,
				FCA0425E1DB0CA7D0040C5DD /* 6.png in Resources */,
				FC0AEF871D73CFEE00EB94A1 /* loading.jpg in Resources */,
				FC0AEF7E1D73CF7E00EB94A1 /* LaunchScreen.storyboard in Resources */,
				FCA0425C1DB0CA7D0040C5DD /* 4.png in Resources */,
				FC0AEF791D73CF7E00EB94A1 /* Main.storyboard in Resources */,
			);
			runOnlyForDeploymentPostprocessing = 0;
		};
		FCB40FBA1BDF47C6009A5031 /* Resources */ = {
			isa = PBXResourcesBuildPhase;
			buildActionMask = 2147483647;
			files = (
				FCB40FDC1BDF4FE8009A5031 /* loading.jpg in Resources */,
				FCB40FCF1BDF47C7009A5031 /* LaunchScreen.storyboard in Resources */,
				FCB40FDA1BDF4E7F009A5031 /* MainCell.xib in Resources */,
				FCB40FCA1BDF47C7009A5031 /* Main.storyboard in Resources */,
			);
			runOnlyForDeploymentPostprocessing = 0;
		};
/* End PBXResourcesBuildPhase section */

/* Begin PBXSourcesBuildPhase section */
		FC0AEF681D73CF7D00EB94A1 /* Sources */ = {
			isa = PBXSourcesBuildPhase;
			buildActionMask = 2147483647;
			files = (
				FC0AEF851D73CFCF00EB94A1 /* CollectionAnimateFlowOut.m in Sources */,
				FC0AEF761D73CF7E00EB94A1 /* ViewController.m in Sources */,
				FC0AEF731D73CF7E00EB94A1 /* AppDelegate.m in Sources */,
				FC0AEF701D73CF7E00EB94A1 /* main.m in Sources */,
				FC0AEF861D73CFDD00EB94A1 /* UIView+MZwebCache.m in Sources */,
			);
			runOnlyForDeploymentPostprocessing = 0;
		};
		FCB40FB81BDF47C6009A5031 /* Sources */ = {
			isa = PBXSourcesBuildPhase;
			buildActionMask = 2147483647;
			files = (
				FCB40FC71BDF47C7009A5031 /* ViewController.m in Sources */,
				FCB40FD81BDF4826009A5031 /* WaterFlowLayout.m in Sources */,
				FCB40FC41BDF47C7009A5031 /* AppDelegate.m in Sources */,
				FCB40FC11BDF47C6009A5031 /* main.m in Sources */,
				FC7E4BAD1CB6058200DDB846 /* UIView+MZwebCache.m in Sources */,
			);
			runOnlyForDeploymentPostprocessing = 0;
		};
/* End PBXSourcesBuildPhase section */

/* Begin PBXVariantGroup section */
		FC0AEF771D73CF7E00EB94A1 /* Main.storyboard */ = {
			isa = PBXVariantGroup;
			children = (
				FC0AEF781D73CF7E00EB94A1 /* Base */,
			);
			name = Main.storyboard;
			sourceTree = "<group>";
		};
		FC0AEF7C1D73CF7E00EB94A1 /* LaunchScreen.storyboard */ = {
			isa = PBXVariantGroup;
			children = (
				FC0AEF7D1D73CF7E00EB94A1 /* Base */,
			);
			name = LaunchScreen.storyboard;
			sourceTree = "<group>";
		};
		FCB40FC81BDF47C7009A5031 /* Main.storyboard */ = {
			isa = PBXVariantGroup;
			children = (
				FCB40FC91BDF47C7009A5031 /* Base */,
			);
			name = Main.storyboard;
			sourceTree = "<group>";
		};
		FCB40FCD1BDF47C7009A5031 /* LaunchScreen.storyboard */ = {
			isa = PBXVariantGroup;
			children = (
				FCB40FCE1BDF47C7009A5031 /* Base */,
			);
			name = LaunchScreen.storyboard;
			sourceTree = "<group>";
		};
/* End PBXVariantGroup section */

/* Begin XCBuildConfiguration section */
		FC0AEF801D73CF7E00EB94A1 /* Debug */ = {
			isa = XCBuildConfiguration;
			buildSettings = {
				ASSETCATALOG_COMPILER_APPICON_NAME = AppIcon;
				CLANG_ANALYZER_NONNULL = YES;
				INFOPLIST_FILE = CollectionAnimate/Info.plist;
				IPHONEOS_DEPLOYMENT_TARGET = 9.3;
				LD_RUNPATH_SEARCH_PATHS = "$(inherited) @executable_path/Frameworks";
				PRODUCT_BUNDLE_IDENTIFIER = aicai.CollectionAnimate;
				PRODUCT_NAME = "$(TARGET_NAME)";
			};
			name = Debug;
		};
		FC0AEF811D73CF7E00EB94A1 /* Release */ = {
			isa = XCBuildConfiguration;
			buildSettings = {
				ASSETCATALOG_COMPILER_APPICON_NAME = AppIcon;
				CLANG_ANALYZER_NONNULL = YES;
				INFOPLIST_FILE = CollectionAnimate/Info.plist;
				IPHONEOS_DEPLOYMENT_TARGET = 9.3;
				LD_RUNPATH_SEARCH_PATHS = "$(inherited) @executable_path/Frameworks";
				PRODUCT_BUNDLE_IDENTIFIER = aicai.CollectionAnimate;
				PRODUCT_NAME = "$(TARGET_NAME)";
			};
			name = Release;
		};
		FCB40FD11BDF47C7009A5031 /* Debug */ = {
			isa = XCBuildConfiguration;
			buildSettings = {
				ALWAYS_SEARCH_USER_PATHS = NO;
				CLANG_CXX_LANGUAGE_STANDARD = "gnu++0x";
				CLANG_CXX_LIBRARY = "libc++";
				CLANG_ENABLE_MODULES = YES;
				CLANG_ENABLE_OBJC_ARC = YES;
				CLANG_WARN_BOOL_CONVERSION = YES;
				CLANG_WARN_CONSTANT_CONVERSION = YES;
				CLANG_WARN_DIRECT_OBJC_ISA_USAGE = YES_ERROR;
				CLANG_WARN_EMPTY_BODY = YES;
				CLANG_WARN_ENUM_CONVERSION = YES;
				CLANG_WARN_INT_CONVERSION = YES;
				CLANG_WARN_OBJC_ROOT_CLASS = YES_ERROR;
				CLANG_WARN_UNREACHABLE_CODE = YES;
				CLANG_WARN__DUPLICATE_METHOD_MATCH = YES;
				"CODE_SIGN_IDENTITY[sdk=iphoneos*]" = "iPhone Developer";
				COPY_PHASE_STRIP = NO;
				DEBUG_INFORMATION_FORMAT = dwarf;
				ENABLE_STRICT_OBJC_MSGSEND = YES;
				ENABLE_TESTABILITY = YES;
				GCC_C_LANGUAGE_STANDARD = gnu99;
				GCC_DYNAMIC_NO_PIC = NO;
				GCC_NO_COMMON_BLOCKS = YES;
				GCC_OPTIMIZATION_LEVEL = 0;
				GCC_PREPROCESSOR_DEFINITIONS = (
					"DEBUG=1",
					"$(inherited)",
				);
				GCC_WARN_64_TO_32_BIT_CONVERSION = YES;
				GCC_WARN_ABOUT_RETURN_TYPE = YES_ERROR;
				GCC_WARN_UNDECLARED_SELECTOR = YES;
				GCC_WARN_UNINITIALIZED_AUTOS = YES_AGGRESSIVE;
				GCC_WARN_UNUSED_FUNCTION = YES;
				GCC_WARN_UNUSED_VARIABLE = YES;
				IPHONEOS_DEPLOYMENT_TARGET = 9.0;
				MTL_ENABLE_DEBUG_INFO = YES;
				ONLY_ACTIVE_ARCH = YES;
				SDKROOT = iphoneos;
				scheme = Debug;
			};
			name = Debug;
		};
		FCB40FD21BDF47C7009A5031 /* Release */ = {
			isa = XCBuildConfiguration;
			buildSettings = {
				ALWAYS_SEARCH_USER_PATHS = NO;
				CLANG_CXX_LANGUAGE_STANDARD = "gnu++0x";
				CLANG_CXX_LIBRARY = "libc++";
				CLANG_ENABLE_MODULES = YES;
				CLANG_ENABLE_OBJC_ARC = YES;
				CLANG_WARN_BOOL_CONVERSION = YES;
				CLANG_WARN_CONSTANT_CONVERSION = YES;
				CLANG_WARN_DIRECT_OBJC_ISA_USAGE = YES_ERROR;
				CLANG_WARN_EMPTY_BODY = YES;
				CLANG_WARN_ENUM_CONVERSION = YES;
				CLANG_WARN_INT_CONVERSION = YES;
				CLANG_WARN_OBJC_ROOT_CLASS = YES_ERROR;
				CLANG_WARN_UNREACHABLE_CODE = YES;
				CLANG_WARN__DUPLICATE_METHOD_MATCH = YES;
				"CODE_SIGN_IDENTITY[sdk=iphoneos*]" = "iPhone Developer";
				COPY_PHASE_STRIP = NO;
				DEBUG_INFORMATION_FORMAT = "dwarf-with-dsym";
				ENABLE_NS_ASSERTIONS = NO;
				ENABLE_STRICT_OBJC_MSGSEND = YES;
				GCC_C_LANGUAGE_STANDARD = gnu99;
				GCC_NO_COMMON_BLOCKS = YES;
				GCC_WARN_64_TO_32_BIT_CONVERSION = YES;
				GCC_WARN_ABOUT_RETURN_TYPE = YES_ERROR;
				GCC_WARN_UNDECLARED_SELECTOR = YES;
				GCC_WARN_UNINITIALIZED_AUTOS = YES_AGGRESSIVE;
				GCC_WARN_UNUSED_FUNCTION = YES;
				GCC_WARN_UNUSED_VARIABLE = YES;
				IPHONEOS_DEPLOYMENT_TARGET = 9.0;
				MTL_ENABLE_DEBUG_INFO = NO;
				SDKROOT = iphoneos;
				VALIDATE_PRODUCT = YES;
				scheme = "";
			};
			name = Release;
		};
		FCB40FD41BDF47C7009A5031 /* Debug */ = {
			isa = XCBuildConfiguration;
			buildSettings = {
				ASSETCATALOG_COMPILER_APPICON_NAME = Debug;
				DEVELOPMENT_TEAM = YH6XM8252K;
				INFOPLIST_FILE = WaterFlow_mz/Info.plist;
				LD_RUNPATH_SEARCH_PATHS = "$(inherited) @executable_path/Frameworks";
				PRODUCT_BUNDLE_IDENTIFIER = "com.tentinet.WaterFlow-mz";
				PRODUCT_NAME = "$(TARGET_NAME)";
			};
			name = Debug;
		};
		FCB40FD51BDF47C7009A5031 /* Release */ = {
			isa = XCBuildConfiguration;
			buildSettings = {
				ASSETCATALOG_COMPILER_APPICON_NAME = AppIcon;
				DEVELOPMENT_TEAM = YH6XM8252K;
				INFOPLIST_FILE = WaterFlow_mz/Info.plist;
				LD_RUNPATH_SEARCH_PATHS = "$(inherited) @executable_path/Frameworks";
				PRODUCT_BUNDLE_IDENTIFIER = "com.tentinet.WaterFlow-mz";
				PRODUCT_NAME = "$(TARGET_NAME)";
			};
			name = Release;
		};
/* End XCBuildConfiguration section */

/* Begin XCConfigurationList section */
		FC0AEF821D73CF7E00EB94A1 /* Build configuration list for PBXNativeTarget "CollectionAnimate" */ = {
			isa = XCConfigurationList;
			buildConfigurations = (
				FC0AEF801D73CF7E00EB94A1 /* Debug */,
				FC0AEF811D73CF7E00EB94A1 /* Release */,
			);
			defaultConfigurationIsVisible = 0;
			defaultConfigurationName = Release;
		};
		FCB40FB71BDF47C6009A5031 /* Build configuration list for PBXProject "WaterFlow_mz" */ = {
			isa = XCConfigurationList;
			buildConfigurations = (
				FCB40FD11BDF47C7009A5031 /* Debug */,
				FCB40FD21BDF47C7009A5031 /* Release */,
			);
			defaultConfigurationIsVisible = 0;
			defaultConfigurationName = Release;
		};
		FCB40FD31BDF47C7009A5031 /* Build configuration list for PBXNativeTarget "WaterFlow_mz" */ = {
			isa = XCConfigurationList;
			buildConfigurations = (
				FCB40FD41BDF47C7009A5031 /* Debug */,
				FCB40FD51BDF47C7009A5031 /* Release */,
			);
			defaultConfigurationIsVisible = 0;
			defaultConfigurationName = Release;
		};
/* End XCConfigurationList section */
	};
	rootObject = FCB40FB41BDF47C6009A5031 /* Project object */;
}
